
Microsoft Visual Studio Solution File, Format Version 12.00
# Visual Studio Version 17
VisualStudioVersion = 17.12.35527.113 d17.12
MinimumVisualStudioVersion = 10.0.40219.1
Project("{FAE04EC0-301F-11D3-BF4B-00C04F79EFBC}") = "StoreAPI", "StoreAPI.csproj", "{5BD44D47-256F-4740-97A9-FCF79654E6FA}"
EndProject
Project("{FAE04EC0-301F-11D3-BF4B-00C04F79EFBC}") = "StoreDataAccessLayer", "..\StoreDataAccessLayer\StoreDataAccessLayer.csproj", "{6FFC3707-3876-4B3F-8297-058FB10AFAE0}"
EndProject
Project("{FAE04EC0-301F-11D3-BF4B-00C04F79EFBC}") = "StoreBusinessLayer", "..\StoreBusinessLayer\StoreBusinessLayer.csproj", "{EEC3AC93-699B-4CDF-9D97-786AB1570C9D}"
EndProject
Global
	GlobalSection(SolutionConfigurationPlatforms) = preSolution
		Debug|Any CPU = Debug|Any CPU
		Release|Any CPU = Release|Any CPU
	EndGlobalSection
	GlobalSection(ProjectConfigurationPlatforms) = postSolution
		{5BD44D47-256F-4740-97A9-FCF79654E6FA}.Debug|Any CPU.ActiveCfg = Debug|Any CPU
		{5BD44D47-256F-4740-97A9-FCF79654E6FA}.Debug|Any CPU.Build.0 = Debug|Any CPU
		{5BD44D47-256F-4740-97A9-FCF79654E6FA}.Release|Any CPU.ActiveCfg = Release|Any CPU
		{5BD44D47-256F-4740-97A9-FCF79654E6FA}.Release|Any CPU.Build.0 = Release|Any CPU
		{6FFC3707-3876-4B3F-8297-058FB10AFAE0}.Debug|Any CPU.ActiveCfg = Debug|Any CPU
		{6FFC3707-3876-4B3F-8297-058FB10AFAE0}.Debug|Any CPU.Build.0 = Debug|Any CPU
		{6FFC3707-3876-4B3F-8297-058FB10AFAE0}.Release|Any CPU.ActiveCfg = Release|Any CPU
		{6FFC3707-3876-4B3F-8297-058FB10AFAE0}.Release|Any CPU.Build.0 = Release|Any CPU
		{EEC3AC93-699B-4CDF-9D97-786AB1570C9D}.Debug|Any CPU.ActiveCfg = Debug|Any CPU
		{EEC3AC93-699B-4CDF-9D97-786AB1570C9D}.Debug|Any CPU.Build.0 = Debug|Any CPU
		{EEC3AC93-699B-4CDF-9D97-786AB1570C9D}.Release|Any CPU.ActiveCfg = Release|Any CPU
		{EEC3AC93-699B-4CDF-9D97-786AB1570C9D}.Release|Any CPU.Build.0 = Release|Any CPU
	EndGlobalSection
	GlobalSection(SolutionProperties) = preSolution
		HideSolutionNode = FALSE
	EndGlobalSection
EndGlobal
